
Microsoft Visual Studio Solution File, Format Version 12.00
# Visual Studio Version 17
VisualStudioVersion = 17.8.34322.80
MinimumVisualStudioVersion = 10.0.40219.1
Project("{FAE04EC0-301F-11D3-BF4B-00C04F79EFBC}") = "ToDoList", "ToDoList\ToDoList.csproj", "{FFFF52D0-E726-42E3-B27E-3431A6F15BA7}"
EndProject
Global
	GlobalSection(SolutionConfigurationPlatforms) = preSolution
		Debug|Any CPU = Debug|Any CPU
		Release|Any CPU = Release|Any CPU
	EndGlobalSection
	GlobalSection(ProjectConfigurationPlatforms) = postSolution
		{FFFF52D0-E726-42E3-B27E-3431A6F15BA7}.Debug|Any CPU.ActiveCfg = Debug|Any CPU
		{FFFF52D0-E726-42E3-B27E-3431A6F15BA7}.Debug|Any CPU.Build.0 = Debug|Any CPU
		{FFFF52D0-E726-42E3-B27E-3431A6F15BA7}.Release|Any CPU.ActiveCfg = Release|Any CPU
		{FFFF52D0-E726-42E3-B27E-3431A6F15BA7}.Release|Any CPU.Build.0 = Release|Any CPU
	EndGlobalSection
	GlobalSection(SolutionProperties) = preSolution
		HideSolutionNode = FALSE
	EndGlobalSection
	GlobalSection(ExtensibilityGlobals) = postSolution
		SolutionGuid = {098FC6A4-9C49-49CF-AF11-4324C806948B}
	EndGlobalSection
EndGlobal
